// !$*UTF8*$!
{
	archiveVersion = 1;
	classes = {
	};
	objectVersion = 46;
	objects = {

/* Begin PBXBuildFile section */
		4558B8D91E200BB900A50C7A /* main.cpp in Sources */ = {isa = PBXBuildFile; fileRef = 4558B8D81E200BB900A50C7A /* main.cpp */; };
		4558B8E41E200D9500A50C7A /* main.cpp in Sources */ = {isa = PBXBuildFile; fileRef = 4558B8E31E200D9500A50C7A /* main.cpp */; };
		4558B8E91E200EF400A50C7A /* calcArea.cpp in Sources */ = {isa = PBXBuildFile; fileRef = 4558B8CE1E20027700A50C7A /* calcArea.cpp */; };
		4558B95E1E2013C100A50C7A /* hist.cpp in Sources */ = {isa = PBXBuildFile; fileRef = 454025441E1CE99E0067F244 /* hist.cpp */; };
		4558B95F1E2013CF00A50C7A /* ColorHistogram.cpp in Sources */ = {isa = PBXBuildFile; fileRef = 454025471E1CEDF50067F244 /* ColorHistogram.cpp */; };
		4558B9601E2013D200A50C7A /* surf.cpp in Sources */ = {isa = PBXBuildFile; fileRef = 452C168A1E1D43B800127459 /* surf.cpp */; };
		4558B9611E2013D400A50C7A /* play.cpp in Sources */ = {isa = PBXBuildFile; fileRef = 459B99C81E1D2E5E005C4444 /* play.cpp */; };
		4558B9621E2013D700A50C7A /* color.cpp in Sources */ = {isa = PBXBuildFile; fileRef = 452C168C1E1D493F00127459 /* color.cpp */; };
		4558B9641E2013DC00A50C7A /* shape.cpp in Sources */ = {isa = PBXBuildFile; fileRef = 452C16901E1D662A00127459 /* shape.cpp */; };
		4558B9661E2013E200A50C7A /* config.cpp in Sources */ = {isa = PBXBuildFile; fileRef = 4558B8C61E1FDC3600A50C7A /* config.cpp */; };
		4558B9671E2013E800A50C7A /* main.cpp in Sources */ = {isa = PBXBuildFile; fileRef = 4558B8CC1E1FEE2A00A50C7A /* main.cpp */; };
		4558B96A1E20177100A50C7A /* calcArea.cpp in Sources */ = {isa = PBXBuildFile; fileRef = 4558B8CE1E20027700A50C7A /* calcArea.cpp */; };
		4558B96D1E2018C300A50C7A /* threshold.cpp in Sources */ = {isa = PBXBuildFile; fileRef = 4558B96C1E2018C300A50C7A /* threshold.cpp */; };
		4578B69F1E20E68D00829FE2 /* libopencv_calib3d.2.4.13.dylib in CopyFiles */ = {isa = PBXBuildFile; fileRef = 45949BA11E20DA84006097B8 /* libopencv_calib3d.2.4.13.dylib */; };
		4578B6A01E20E68D00829FE2 /* libopencv_contrib.2.4.13.dylib in CopyFiles */ = {isa = PBXBuildFile; fileRef = 45949BA21E20DA84006097B8 /* libopencv_contrib.2.4.13.dylib */; };
		4578B6A11E20E68D00829FE2 /* libopencv_core.2.4.13.dylib in CopyFiles */ = {isa = PBXBuildFile; fileRef = 45949BA31E20DA84006097B8 /* libopencv_core.2.4.13.dylib */; };
		4578B6A21E20E68D00829FE2 /* libopencv_features2d.2.4.13.dylib in CopyFiles */ = {isa = PBXBuildFile; fileRef = 45949BA41E20DA84006097B8 /* libopencv_features2d.2.4.13.dylib */; };
		4578B6A31E20E68D00829FE2 /* libopencv_flann.2.4.13.dylib in CopyFiles */ = {isa = PBXBuildFile; fileRef = 45949BA51E20DA84006097B8 /* libopencv_flann.2.4.13.dylib */; };
		4578B6A41E20E68D00829FE2 /* libopencv_gpu.2.4.13.dylib in CopyFiles */ = {isa = PBXBuildFile; fileRef = 45949BA61E20DA84006097B8 /* libopencv_gpu.2.4.13.dylib */; };
		4578B6A51E20E68D00829FE2 /* libopencv_highgui.2.4.13.dylib in CopyFiles */ = {isa = PBXBuildFile; fileRef = 45949BA71E20DA84006097B8 /* libopencv_highgui.2.4.13.dylib */; };
		4578B6A61E20E68D00829FE2 /* libopencv_imgproc.2.4.13.dylib in CopyFiles */ = {isa = PBXBuildFile; fileRef = 45949BA81E20DA84006097B8 /* libopencv_imgproc.2.4.13.dylib */; };
		4578B6A71E20E68D00829FE2 /* libopencv_legacy.2.4.13.dylib in CopyFiles */ = {isa = PBXBuildFile; fileRef = 45949BA91E20DA84006097B8 /* libopencv_legacy.2.4.13.dylib */; };
		4578B6A81E20E68D00829FE2 /* libopencv_ml.2.4.13.dylib in CopyFiles */ = {isa = PBXBuildFile; fileRef = 45949BAA1E20DA84006097B8 /* libopencv_ml.2.4.13.dylib */; };
		4578B6A91E20E68D00829FE2 /* libopencv_nonfree.2.4.13.dylib in CopyFiles */ = {isa = PBXBuildFile; fileRef = 45949BAB1E20DA84006097B8 /* libopencv_nonfree.2.4.13.dylib */; };
		4578B6AA1E20E68D00829FE2 /* libopencv_objdetect.2.4.13.dylib in CopyFiles */ = {isa = PBXBuildFile; fileRef = 45949BAC1E20DA84006097B8 /* libopencv_objdetect.2.4.13.dylib */; };
		4578B6AB1E20E68D00829FE2 /* libopencv_ocl.2.4.13.dylib in CopyFiles */ = {isa = PBXBuildFile; fileRef = 45949BAD1E20DA84006097B8 /* libopencv_ocl.2.4.13.dylib */; };
		4578B6AC1E20E68D00829FE2 /* libopencv_photo.2.4.13.dylib in CopyFiles */ = {isa = PBXBuildFile; fileRef = 45949BAE1E20DA84006097B8 /* libopencv_photo.2.4.13.dylib */; };
		4578B6AD1E20E68D00829FE2 /* libopencv_stitching.2.4.13.dylib in CopyFiles */ = {isa = PBXBuildFile; fileRef = 45949BAF1E20DA84006097B8 /* libopencv_stitching.2.4.13.dylib */; };
		4578B6AE1E20E68D00829FE2 /* libopencv_superres.2.4.13.dylib in CopyFiles */ = {isa = PBXBuildFile; fileRef = 45949BB01E20DA84006097B8 /* libopencv_superres.2.4.13.dylib */; };
		4578B6AF1E20E68D00829FE2 /* libopencv_video.2.4.13.dylib in CopyFiles */ = {isa = PBXBuildFile; fileRef = 45949BB11E20DA84006097B8 /* libopencv_video.2.4.13.dylib */; };
		4578B6B01E20E68D00829FE2 /* libopencv_videostab.2.4.13.dylib in CopyFiles */ = {isa = PBXBuildFile; fileRef = 45949BB21E20DA84006097B8 /* libopencv_videostab.2.4.13.dylib */; };
		4578B6B61E20E94500829FE2 /* 6.jpg in Copy Files */ = {isa = PBXBuildFile; fileRef = 4578B6B31E20E6C000829FE2 /* 6.jpg */; };
		4578B6B71E20E94500829FE2 /* config.json in Copy Files */ = {isa = PBXBuildFile; fileRef = 4578B6B11E20E6A500829FE2 /* config.json */; };
		4578B6B81E20E9C000829FE2 /* libopencv_calib3d.2.4.13.dylib in CopyFiles */ = {isa = PBXBuildFile; fileRef = 45949BA11E20DA84006097B8 /* libopencv_calib3d.2.4.13.dylib */; settings = {ATTRIBUTES = (CodeSignOnCopy, ); }; };
		4578B6B91E20E9C000829FE2 /* libopencv_contrib.2.4.13.dylib in CopyFiles */ = {isa = PBXBuildFile; fileRef = 45949BA21E20DA84006097B8 /* libopencv_contrib.2.4.13.dylib */; settings = {ATTRIBUTES = (CodeSignOnCopy, ); }; };
		4578B6BA1E20E9C000829FE2 /* libopencv_core.2.4.13.dylib in CopyFiles */ = {isa = PBXBuildFile; fileRef = 45949BA31E20DA84006097B8 /* libopencv_core.2.4.13.dylib */; settings = {ATTRIBUTES = (CodeSignOnCopy, ); }; };
		4578B6BB1E20E9C000829FE2 /* libopencv_features2d.2.4.13.dylib in CopyFiles */ = {isa = PBXBuildFile; fileRef = 45949BA41E20DA84006097B8 /* libopencv_features2d.2.4.13.dylib */; settings = {ATTRIBUTES = (CodeSignOnCopy, ); }; };
		4578B6BC1E20E9C000829FE2 /* libopencv_flann.2.4.13.dylib in CopyFiles */ = {isa = PBXBuildFile; fileRef = 45949BA51E20DA84006097B8 /* libopencv_flann.2.4.13.dylib */; settings = {ATTRIBUTES = (CodeSignOnCopy, ); }; };
		4578B6BD1E20E9C000829FE2 /* libopencv_gpu.2.4.13.dylib in CopyFiles */ = {isa = PBXBuildFile; fileRef = 45949BA61E20DA84006097B8 /* libopencv_gpu.2.4.13.dylib */; settings = {ATTRIBUTES = (CodeSignOnCopy, ); }; };
		4578B6BE1E20E9C000829FE2 /* libopencv_highgui.2.4.13.dylib in CopyFiles */ = {isa = PBXBuildFile; fileRef = 45949BA71E20DA84006097B8 /* libopencv_highgui.2.4.13.dylib */; settings = {ATTRIBUTES = (CodeSignOnCopy, ); }; };
		4578B6BF1E20E9C000829FE2 /* libopencv_imgproc.2.4.13.dylib in CopyFiles */ = {isa = PBXBuildFile; fileRef = 45949BA81E20DA84006097B8 /* libopencv_imgproc.2.4.13.dylib */; settings = {ATTRIBUTES = (CodeSignOnCopy, ); }; };
		4578B6C01E20E9C000829FE2 /* libopencv_legacy.2.4.13.dylib in CopyFiles */ = {isa = PBXBuildFile; fileRef = 45949BA91E20DA84006097B8 /* libopencv_legacy.2.4.13.dylib */; settings = {ATTRIBUTES = (CodeSignOnCopy, ); }; };
		4578B6C11E20E9C000829FE2 /* libopencv_ml.2.4.13.dylib in CopyFiles */ = {isa = PBXBuildFile; fileRef = 45949BAA1E20DA84006097B8 /* libopencv_ml.2.4.13.dylib */; settings = {ATTRIBUTES = (CodeSignOnCopy, ); }; };
		4578B6C21E20E9C000829FE2 /* libopencv_nonfree.2.4.13.dylib in CopyFiles */ = {isa = PBXBuildFile; fileRef = 45949BAB1E20DA84006097B8 /* libopencv_nonfree.2.4.13.dylib */; settings = {ATTRIBUTES = (CodeSignOnCopy, ); }; };
		4578B6C31E20E9C000829FE2 /* libopencv_objdetect.2.4.13.dylib in CopyFiles */ = {isa = PBXBuildFile; fileRef = 45949BAC1E20DA84006097B8 /* libopencv_objdetect.2.4.13.dylib */; settings = {ATTRIBUTES = (CodeSignOnCopy, ); }; };
		4578B6C41E20E9C000829FE2 /* libopencv_ocl.2.4.13.dylib in CopyFiles */ = {isa = PBXBuildFile; fileRef = 45949BAD1E20DA84006097B8 /* libopencv_ocl.2.4.13.dylib */; settings = {ATTRIBUTES = (CodeSignOnCopy, ); }; };
		4578B6C51E20E9C000829FE2 /* libopencv_photo.2.4.13.dylib in CopyFiles */ = {isa = PBXBuildFile; fileRef = 45949BAE1E20DA84006097B8 /* libopencv_photo.2.4.13.dylib */; settings = {ATTRIBUTES = (CodeSignOnCopy, ); }; };
		4578B6C61E20E9C000829FE2 /* libopencv_stitching.2.4.13.dylib in CopyFiles */ = {isa = PBXBuildFile; fileRef = 45949BAF1E20DA84006097B8 /* libopencv_stitching.2.4.13.dylib */; settings = {ATTRIBUTES = (CodeSignOnCopy, ); }; };
		4578B6C71E20E9C000829FE2 /* libopencv_superres.2.4.13.dylib in CopyFiles */ = {isa = PBXBuildFile; fileRef = 45949BB01E20DA84006097B8 /* libopencv_superres.2.4.13.dylib */; settings = {ATTRIBUTES = (CodeSignOnCopy, ); }; };
		4578B6C81E20E9C000829FE2 /* libopencv_video.2.4.13.dylib in CopyFiles */ = {isa = PBXBuildFile; fileRef = 45949BB11E20DA84006097B8 /* libopencv_video.2.4.13.dylib */; settings = {ATTRIBUTES = (CodeSignOnCopy, ); }; };
		4578B6C91E20E9C000829FE2 /* libopencv_videostab.2.4.13.dylib in CopyFiles */ = {isa = PBXBuildFile; fileRef = 45949BB21E20DA84006097B8 /* libopencv_videostab.2.4.13.dylib */; settings = {ATTRIBUTES = (CodeSignOnCopy, ); }; };
		4578B6CB1E20E9D100829FE2 /* config.json in CopyFiles */ = {isa = PBXBuildFile; fileRef = 4578B6B11E20E6A500829FE2 /* config.json */; };
		4578B6CC1E20E9EC00829FE2 /* libopencv_calib3d.2.4.13.dylib in CopyFiles */ = {isa = PBXBuildFile; fileRef = 45949BA11E20DA84006097B8 /* libopencv_calib3d.2.4.13.dylib */; settings = {ATTRIBUTES = (CodeSignOnCopy, ); }; };
		4578B6CD1E20E9EC00829FE2 /* libopencv_contrib.2.4.13.dylib in CopyFiles */ = {isa = PBXBuildFile; fileRef = 45949BA21E20DA84006097B8 /* libopencv_contrib.2.4.13.dylib */; settings = {ATTRIBUTES = (CodeSignOnCopy, ); }; };
		4578B6CE1E20E9EC00829FE2 /* libopencv_core.2.4.13.dylib in CopyFiles */ = {isa = PBXBuildFile; fileRef = 45949BA31E20DA84006097B8 /* libopencv_core.2.4.13.dylib */; settings = {ATTRIBUTES = (CodeSignOnCopy, ); }; };
		4578B6CF1E20E9EC00829FE2 /* libopencv_features2d.2.4.13.dylib in CopyFiles */ = {isa = PBXBuildFile; fileRef = 45949BA41E20DA84006097B8 /* libopencv_features2d.2.4.13.dylib */; settings = {ATTRIBUTES = (CodeSignOnCopy, ); }; };
		4578B6D01E20E9EC00829FE2 /* libopencv_flann.2.4.13.dylib in CopyFiles */ = {isa = PBXBuildFile; fileRef = 45949BA51E20DA84006097B8 /* libopencv_flann.2.4.13.dylib */; settings = {ATTRIBUTES = (CodeSignOnCopy, ); }; };
		4578B6D11E20E9EC00829FE2 /* libopencv_gpu.2.4.13.dylib in CopyFiles */ = {isa = PBXBuildFile; fileRef = 45949BA61E20DA84006097B8 /* libopencv_gpu.2.4.13.dylib */; settings = {ATTRIBUTES = (CodeSignOnCopy, ); }; };
		4578B6D21E20E9EC00829FE2 /* libopencv_highgui.2.4.13.dylib in CopyFiles */ = {isa = PBXBuildFile; fileRef = 45949BA71E20DA84006097B8 /* libopencv_highgui.2.4.13.dylib */; settings = {ATTRIBUTES = (CodeSignOnCopy, ); }; };
		4578B6D31E20E9EC00829FE2 /* libopencv_imgproc.2.4.13.dylib in CopyFiles */ = {isa = PBXBuildFile; fileRef = 45949BA81E20DA84006097B8 /* libopencv_imgproc.2.4.13.dylib */; settings = {ATTRIBUTES = (CodeSignOnCopy, ); }; };
		4578B6D41E20E9EC00829FE2 /* libopencv_legacy.2.4.13.dylib in CopyFiles */ = {isa = PBXBuildFile; fileRef = 45949BA91E20DA84006097B8 /* libopencv_legacy.2.4.13.dylib */; settings = {ATTRIBUTES = (CodeSignOnCopy, ); }; };
		4578B6D51E20E9EC00829FE2 /* libopencv_ml.2.4.13.dylib in CopyFiles */ = {isa = PBXBuildFile; fileRef = 45949BAA1E20DA84006097B8 /* libopencv_ml.2.4.13.dylib */; settings = {ATTRIBUTES = (CodeSignOnCopy, ); }; };
		4578B6D61E20E9EC00829FE2 /* libopencv_nonfree.2.4.13.dylib in CopyFiles */ = {isa = PBXBuildFile; fileRef = 45949BAB1E20DA84006097B8 /* libopencv_nonfree.2.4.13.dylib */; settings = {ATTRIBUTES = (CodeSignOnCopy, ); }; };
		4578B6D71E20E9EC00829FE2 /* libopencv_objdetect.2.4.13.dylib in CopyFiles */ = {isa = PBXBuildFile; fileRef = 45949BAC1E20DA84006097B8 /* libopencv_objdetect.2.4.13.dylib */; settings = {ATTRIBUTES = (CodeSignOnCopy, ); }; };
		4578B6D81E20E9EC00829FE2 /* libopencv_ocl.2.4.13.dylib in CopyFiles */ = {isa = PBXBuildFile; fileRef = 45949BAD1E20DA84006097B8 /* libopencv_ocl.2.4.13.dylib */; settings = {ATTRIBUTES = (CodeSignOnCopy, ); }; };
		4578B6D91E20E9EC00829FE2 /* libopencv_photo.2.4.13.dylib in CopyFiles */ = {isa = PBXBuildFile; fileRef = 45949BAE1E20DA84006097B8 /* libopencv_photo.2.4.13.dylib */; settings = {ATTRIBUTES = (CodeSignOnCopy, ); }; };
		4578B6DA1E20E9EC00829FE2 /* libopencv_stitching.2.4.13.dylib in CopyFiles */ = {isa = PBXBuildFile; fileRef = 45949BAF1E20DA84006097B8 /* libopencv_stitching.2.4.13.dylib */; settings = {ATTRIBUTES = (CodeSignOnCopy, ); }; };
		4578B6DB1E20E9EC00829FE2 /* libopencv_superres.2.4.13.dylib in CopyFiles */ = {isa = PBXBuildFile; fileRef = 45949BB01E20DA84006097B8 /* libopencv_superres.2.4.13.dylib */; settings = {ATTRIBUTES = (CodeSignOnCopy, ); }; };
		4578B6DC1E20E9EC00829FE2 /* libopencv_video.2.4.13.dylib in CopyFiles */ = {isa = PBXBuildFile; fileRef = 45949BB11E20DA84006097B8 /* libopencv_video.2.4.13.dylib */; settings = {ATTRIBUTES = (CodeSignOnCopy, ); }; };
		4578B6DD1E20E9EC00829FE2 /* libopencv_videostab.2.4.13.dylib in CopyFiles */ = {isa = PBXBuildFile; fileRef = 45949BB21E20DA84006097B8 /* libopencv_videostab.2.4.13.dylib */; settings = {ATTRIBUTES = (CodeSignOnCopy, ); }; };
		4578B6E01E20EA2100829FE2 /* 6.jpg in CopyFiles */ = {isa = PBXBuildFile; fileRef = 4578B6B31E20E6C000829FE2 /* 6.jpg */; };
		4578B6E11E20EA2100829FE2 /* config.json in CopyFiles */ = {isa = PBXBuildFile; fileRef = 4578B6B11E20E6A500829FE2 /* config.json */; };
		45949BB61E20DA84006097B8 /* libopencv_calib3d.2.4.13.dylib in Frameworks */ = {isa = PBXBuildFile; fileRef = 45949BA11E20DA84006097B8 /* libopencv_calib3d.2.4.13.dylib */; };
		45949BB71E20DA84006097B8 /* libopencv_calib3d.2.4.13.dylib in Frameworks */ = {isa = PBXBuildFile; fileRef = 45949BA11E20DA84006097B8 /* libopencv_calib3d.2.4.13.dylib */; };
		45949BB81E20DA84006097B8 /* libopencv_calib3d.2.4.13.dylib in Frameworks */ = {isa = PBXBuildFile; fileRef = 45949BA11E20DA84006097B8 /* libopencv_calib3d.2.4.13.dylib */; };
		45949BB91E20DA84006097B8 /* libopencv_contrib.2.4.13.dylib in Frameworks */ = {isa = PBXBuildFile; fileRef = 45949BA21E20DA84006097B8 /* libopencv_contrib.2.4.13.dylib */; };
		45949BBA1E20DA84006097B8 /* libopencv_contrib.2.4.13.dylib in Frameworks */ = {isa = PBXBuildFile; fileRef = 45949BA21E20DA84006097B8 /* libopencv_contrib.2.4.13.dylib */; };
		45949BBB1E20DA84006097B8 /* libopencv_contrib.2.4.13.dylib in Frameworks */ = {isa = PBXBuildFile; fileRef = 45949BA21E20DA84006097B8 /* libopencv_contrib.2.4.13.dylib */; };
		45949BBC1E20DA84006097B8 /* libopencv_core.2.4.13.dylib in Frameworks */ = {isa = PBXBuildFile; fileRef = 45949BA31E20DA84006097B8 /* libopencv_core.2.4.13.dylib */; };
		45949BBD1E20DA84006097B8 /* libopencv_core.2.4.13.dylib in Frameworks */ = {isa = PBXBuildFile; fileRef = 45949BA31E20DA84006097B8 /* libopencv_core.2.4.13.dylib */; };
		45949BBE1E20DA84006097B8 /* libopencv_core.2.4.13.dylib in Frameworks */ = {isa = PBXBuildFile; fileRef = 45949BA31E20DA84006097B8 /* libopencv_core.2.4.13.dylib */; };
		45949BBF1E20DA84006097B8 /* libopencv_features2d.2.4.13.dylib in Frameworks */ = {isa = PBXBuildFile; fileRef = 45949BA41E20DA84006097B8 /* libopencv_features2d.2.4.13.dylib */; };
		45949BC01E20DA84006097B8 /* libopencv_features2d.2.4.13.dylib in Frameworks */ = {isa = PBXBuildFile; fileRef = 45949BA41E20DA84006097B8 /* libopencv_features2d.2.4.13.dylib */; };
		45949BC11E20DA84006097B8 /* libopencv_features2d.2.4.13.dylib in Frameworks */ = {isa = PBXBuildFile; fileRef = 45949BA41E20DA84006097B8 /* libopencv_features2d.2.4.13.dylib */; };
		45949BC21E20DA84006097B8 /* libopencv_flann.2.4.13.dylib in Frameworks */ = {isa = PBXBuildFile; fileRef = 45949BA51E20DA84006097B8 /* libopencv_flann.2.4.13.dylib */; };
		45949BC31E20DA84006097B8 /* libopencv_flann.2.4.13.dylib in Frameworks */ = {isa = PBXBuildFile; fileRef = 45949BA51E20DA84006097B8 /* libopencv_flann.2.4.13.dylib */; };
		45949BC41E20DA84006097B8 /* libopencv_flann.2.4.13.dylib in Frameworks */ = {isa = PBXBuildFile; fileRef = 45949BA51E20DA84006097B8 /* libopencv_flann.2.4.13.dylib */; };
		45949BC51E20DA84006097B8 /* libopencv_gpu.2.4.13.dylib in Frameworks */ = {isa = PBXBuildFile; fileRef = 45949BA61E20DA84006097B8 /* libopencv_gpu.2.4.13.dylib */; };
		45949BC61E20DA84006097B8 /* libopencv_gpu.2.4.13.dylib in Frameworks */ = {isa = PBXBuildFile; fileRef = 45949BA61E20DA84006097B8 /* libopencv_gpu.2.4.13.dylib */; };
		45949BC71E20DA84006097B8 /* libopencv_gpu.2.4.13.dylib in Frameworks */ = {isa = PBXBuildFile; fileRef = 45949BA61E20DA84006097B8 /* libopencv_gpu.2.4.13.dylib */; };
		45949BC81E20DA84006097B8 /* libopencv_highgui.2.4.13.dylib in Frameworks */ = {isa = PBXBuildFile; fileRef = 45949BA71E20DA84006097B8 /* libopencv_highgui.2.4.13.dylib */; };
		45949BC91E20DA84006097B8 /* libopencv_highgui.2.4.13.dylib in Frameworks */ = {isa = PBXBuildFile; fileRef = 45949BA71E20DA84006097B8 /* libopencv_highgui.2.4.13.dylib */; };
		45949BCA1E20DA84006097B8 /* libopencv_highgui.2.4.13.dylib in Frameworks */ = {isa = PBXBuildFile; fileRef = 45949BA71E20DA84006097B8 /* libopencv_highgui.2.4.13.dylib */; };
		45949BCB1E20DA84006097B8 /* libopencv_imgproc.2.4.13.dylib in Frameworks */ = {isa = PBXBuildFile; fileRef = 45949BA81E20DA84006097B8 /* libopencv_imgproc.2.4.13.dylib */; };
		45949BCC1E20DA84006097B8 /* libopencv_imgproc.2.4.13.dylib in Frameworks */ = {isa = PBXBuildFile; fileRef = 45949BA81E20DA84006097B8 /* libopencv_imgproc.2.4.13.dylib */; };
		45949BCD1E20DA84006097B8 /* libopencv_imgproc.2.4.13.dylib in Frameworks */ = {isa = PBXBuildFile; fileRef = 45949BA81E20DA84006097B8 /* libopencv_imgproc.2.4.13.dylib */; };
		45949BCE1E20DA84006097B8 /* libopencv_legacy.2.4.13.dylib in Frameworks */ = {isa = PBXBuildFile; fileRef = 45949BA91E20DA84006097B8 /* libopencv_legacy.2.4.13.dylib */; };
		45949BCF1E20DA84006097B8 /* libopencv_legacy.2.4.13.dylib in Frameworks */ = {isa = PBXBuildFile; fileRef = 45949BA91E20DA84006097B8 /* libopencv_legacy.2.4.13.dylib */; };
		45949BD01E20DA84006097B8 /* libopencv_legacy.2.4.13.dylib in Frameworks */ = {isa = PBXBuildFile; fileRef = 45949BA91E20DA84006097B8 /* libopencv_legacy.2.4.13.dylib */; };
		45949BD11E20DA84006097B8 /* libopencv_ml.2.4.13.dylib in Frameworks */ = {isa = PBXBuildFile; fileRef = 45949BAA1E20DA84006097B8 /* libopencv_ml.2.4.13.dylib */; };
		45949BD21E20DA84006097B8 /* libopencv_ml.2.4.13.dylib in Frameworks */ = {isa = PBXBuildFile; fileRef = 45949BAA1E20DA84006097B8 /* libopencv_ml.2.4.13.dylib */; };
		45949BD31E20DA84006097B8 /* libopencv_ml.2.4.13.dylib in Frameworks */ = {isa = PBXBuildFile; fileRef = 45949BAA1E20DA84006097B8 /* libopencv_ml.2.4.13.dylib */; };
		45949BD41E20DA84006097B8 /* libopencv_nonfree.2.4.13.dylib in Frameworks */ = {isa = PBXBuildFile; fileRef = 45949BAB1E20DA84006097B8 /* libopencv_nonfree.2.4.13.dylib */; };
		45949BD51E20DA84006097B8 /* libopencv_nonfree.2.4.13.dylib in Frameworks */ = {isa = PBXBuildFile; fileRef = 45949BAB1E20DA84006097B8 /* libopencv_nonfree.2.4.13.dylib */; };
		45949BD61E20DA84006097B8 /* libopencv_nonfree.2.4.13.dylib in Frameworks */ = {isa = PBXBuildFile; fileRef = 45949BAB1E20DA84006097B8 /* libopencv_nonfree.2.4.13.dylib */; };
		45949BD71E20DA84006097B8 /* libopencv_objdetect.2.4.13.dylib in Frameworks */ = {isa = PBXBuildFile; fileRef = 45949BAC1E20DA84006097B8 /* libopencv_objdetect.2.4.13.dylib */; };
		45949BD81E20DA84006097B8 /* libopencv_objdetect.2.4.13.dylib in Frameworks */ = {isa = PBXBuildFile; fileRef = 45949BAC1E20DA84006097B8 /* libopencv_objdetect.2.4.13.dylib */; };
		45949BD91E20DA84006097B8 /* libopencv_objdetect.2.4.13.dylib in Frameworks */ = {isa = PBXBuildFile; fileRef = 45949BAC1E20DA84006097B8 /* libopencv_objdetect.2.4.13.dylib */; };
		45949BDA1E20DA84006097B8 /* libopencv_ocl.2.4.13.dylib in Frameworks */ = {isa = PBXBuildFile; fileRef = 45949BAD1E20DA84006097B8 /* libopencv_ocl.2.4.13.dylib */; };
		45949BDB1E20DA84006097B8 /* libopencv_ocl.2.4.13.dylib in Frameworks */ = {isa = PBXBuildFile; fileRef = 45949BAD1E20DA84006097B8 /* libopencv_ocl.2.4.13.dylib */; };
		45949BDC1E20DA84006097B8 /* libopencv_ocl.2.4.13.dylib in Frameworks */ = {isa = PBXBuildFile; fileRef = 45949BAD1E20DA84006097B8 /* libopencv_ocl.2.4.13.dylib */; };
		45949BDD1E20DA84006097B8 /* libopencv_photo.2.4.13.dylib in Frameworks */ = {isa = PBXBuildFile; fileRef = 45949BAE1E20DA84006097B8 /* libopencv_photo.2.4.13.dylib */; };
		45949BDE1E20DA84006097B8 /* libopencv_photo.2.4.13.dylib in Frameworks */ = {isa = PBXBuildFile; fileRef = 45949BAE1E20DA84006097B8 /* libopencv_photo.2.4.13.dylib */; };
		45949BDF1E20DA84006097B8 /* libopencv_photo.2.4.13.dylib in Frameworks */ = {isa = PBXBuildFile; fileRef = 45949BAE1E20DA84006097B8 /* libopencv_photo.2.4.13.dylib */; };
		45949BE01E20DA84006097B8 /* libopencv_stitching.2.4.13.dylib in Frameworks */ = {isa = PBXBuildFile; fileRef = 45949BAF1E20DA84006097B8 /* libopencv_stitching.2.4.13.dylib */; };
		45949BE11E20DA84006097B8 /* libopencv_stitching.2.4.13.dylib in Frameworks */ = {isa = PBXBuildFile; fileRef = 45949BAF1E20DA84006097B8 /* libopencv_stitching.2.4.13.dylib */; };
		45949BE21E20DA84006097B8 /* libopencv_stitching.2.4.13.dylib in Frameworks */ = {isa = PBXBuildFile; fileRef = 45949BAF1E20DA84006097B8 /* libopencv_stitching.2.4.13.dylib */; };
		45949BE31E20DA84006097B8 /* libopencv_superres.2.4.13.dylib in Frameworks */ = {isa = PBXBuildFile; fileRef = 45949BB01E20DA84006097B8 /* libopencv_superres.2.4.13.dylib */; };
		45949BE41E20DA84006097B8 /* libopencv_superres.2.4.13.dylib in Frameworks */ = {isa = PBXBuildFile; fileRef = 45949BB01E20DA84006097B8 /* libopencv_superres.2.4.13.dylib */; };
		45949BE51E20DA84006097B8 /* libopencv_superres.2.4.13.dylib in Frameworks */ = {isa = PBXBuildFile; fileRef = 45949BB01E20DA84006097B8 /* libopencv_superres.2.4.13.dylib */; };
		45949BE61E20DA84006097B8 /* libopencv_video.2.4.13.dylib in Frameworks */ = {isa = PBXBuildFile; fileRef = 45949BB11E20DA84006097B8 /* libopencv_video.2.4.13.dylib */; };
		45949BE71E20DA84006097B8 /* libopencv_video.2.4.13.dylib in Frameworks */ = {isa = PBXBuildFile; fileRef = 45949BB11E20DA84006097B8 /* libopencv_video.2.4.13.dylib */; };
		45949BE81E20DA84006097B8 /* libopencv_video.2.4.13.dylib in Frameworks */ = {isa = PBXBuildFile; fileRef = 45949BB11E20DA84006097B8 /* libopencv_video.2.4.13.dylib */; };
		45949BE91E20DA84006097B8 /* libopencv_videostab.2.4.13.dylib in Frameworks */ = {isa = PBXBuildFile; fileRef = 45949BB21E20DA84006097B8 /* libopencv_videostab.2.4.13.dylib */; };
		45949BEA1E20DA84006097B8 /* libopencv_videostab.2.4.13.dylib in Frameworks */ = {isa = PBXBuildFile; fileRef = 45949BB21E20DA84006097B8 /* libopencv_videostab.2.4.13.dylib */; };
		45949BEB1E20DA84006097B8 /* libopencv_videostab.2.4.13.dylib in Frameworks */ = {isa = PBXBuildFile; fileRef = 45949BB21E20DA84006097B8 /* libopencv_videostab.2.4.13.dylib */; };
/* End PBXBuildFile section */

/* Begin PBXCopyFilesBuildPhase section */
		450090191E1BA56000637B5C /* CopyFiles */ = {
			isa = PBXCopyFilesBuildPhase;
			buildActionMask = 12;
			dstPath = lib;
			dstSubfolderSpec = 12;
			files = (
				4578B6CC1E20E9EC00829FE2 /* libopencv_calib3d.2.4.13.dylib in CopyFiles */,
				4578B6CD1E20E9EC00829FE2 /* libopencv_contrib.2.4.13.dylib in CopyFiles */,
				4578B6CE1E20E9EC00829FE2 /* libopencv_core.2.4.13.dylib in CopyFiles */,
				4578B6CF1E20E9EC00829FE2 /* libopencv_features2d.2.4.13.dylib in CopyFiles */,
				4578B6D01E20E9EC00829FE2 /* libopencv_flann.2.4.13.dylib in CopyFiles */,
				4578B6D11E20E9EC00829FE2 /* libopencv_gpu.2.4.13.dylib in CopyFiles */,
				4578B6D21E20E9EC00829FE2 /* libopencv_highgui.2.4.13.dylib in CopyFiles */,
				4578B6D31E20E9EC00829FE2 /* libopencv_imgproc.2.4.13.dylib in CopyFiles */,
				4578B6D41E20E9EC00829FE2 /* libopencv_legacy.2.4.13.dylib in CopyFiles */,
				4578B6D51E20E9EC00829FE2 /* libopencv_ml.2.4.13.dylib in CopyFiles */,
				4578B6D61E20E9EC00829FE2 /* libopencv_nonfree.2.4.13.dylib in CopyFiles */,
				4578B6D71E20E9EC00829FE2 /* libopencv_objdetect.2.4.13.dylib in CopyFiles */,
				4578B6D81E20E9EC00829FE2 /* libopencv_ocl.2.4.13.dylib in CopyFiles */,
				4578B6D91E20E9EC00829FE2 /* libopencv_photo.2.4.13.dylib in CopyFiles */,
				4578B6DA1E20E9EC00829FE2 /* libopencv_stitching.2.4.13.dylib in CopyFiles */,
				4578B6DB1E20E9EC00829FE2 /* libopencv_superres.2.4.13.dylib in CopyFiles */,
				4578B6DC1E20E9EC00829FE2 /* libopencv_video.2.4.13.dylib in CopyFiles */,
				4578B6DD1E20E9EC00829FE2 /* libopencv_videostab.2.4.13.dylib in CopyFiles */,
			);
			runOnlyForDeploymentPostprocessing = 0;
		};
		4558B8D41E200BB900A50C7A /* CopyFiles */ = {
			isa = PBXCopyFilesBuildPhase;
			buildActionMask = 12;
			dstPath = lib;
			dstSubfolderSpec = 12;
			files = (
				4578B69F1E20E68D00829FE2 /* libopencv_calib3d.2.4.13.dylib in CopyFiles */,
				4578B6A01E20E68D00829FE2 /* libopencv_contrib.2.4.13.dylib in CopyFiles */,
				4578B6A11E20E68D00829FE2 /* libopencv_core.2.4.13.dylib in CopyFiles */,
				4578B6A21E20E68D00829FE2 /* libopencv_features2d.2.4.13.dylib in CopyFiles */,
				4578B6A31E20E68D00829FE2 /* libopencv_flann.2.4.13.dylib in CopyFiles */,
				4578B6A41E20E68D00829FE2 /* libopencv_gpu.2.4.13.dylib in CopyFiles */,
				4578B6A51E20E68D00829FE2 /* libopencv_highgui.2.4.13.dylib in CopyFiles */,
				4578B6A61E20E68D00829FE2 /* libopencv_imgproc.2.4.13.dylib in CopyFiles */,
				4578B6A71E20E68D00829FE2 /* libopencv_legacy.2.4.13.dylib in CopyFiles */,
				4578B6A81E20E68D00829FE2 /* libopencv_ml.2.4.13.dylib in CopyFiles */,
				4578B6A91E20E68D00829FE2 /* libopencv_nonfree.2.4.13.dylib in CopyFiles */,
				4578B6AA1E20E68D00829FE2 /* libopencv_objdetect.2.4.13.dylib in CopyFiles */,
				4578B6AB1E20E68D00829FE2 /* libopencv_ocl.2.4.13.dylib in CopyFiles */,
				4578B6AC1E20E68D00829FE2 /* libopencv_photo.2.4.13.dylib in CopyFiles */,
				4578B6AD1E20E68D00829FE2 /* libopencv_stitching.2.4.13.dylib in CopyFiles */,
				4578B6AE1E20E68D00829FE2 /* libopencv_superres.2.4.13.dylib in CopyFiles */,
				4578B6AF1E20E68D00829FE2 /* libopencv_video.2.4.13.dylib in CopyFiles */,
				4578B6B01E20E68D00829FE2 /* libopencv_videostab.2.4.13.dylib in CopyFiles */,
			);
			runOnlyForDeploymentPostprocessing = 0;
		};
		4558B8DF1E200D9500A50C7A /* CopyFiles */ = {
			isa = PBXCopyFilesBuildPhase;
			buildActionMask = 12;
			dstPath = lib;
			dstSubfolderSpec = 12;
			files = (
				4578B6B81E20E9C000829FE2 /* libopencv_calib3d.2.4.13.dylib in CopyFiles */,
				4578B6B91E20E9C000829FE2 /* libopencv_contrib.2.4.13.dylib in CopyFiles */,
				4578B6BA1E20E9C000829FE2 /* libopencv_core.2.4.13.dylib in CopyFiles */,
				4578B6BB1E20E9C000829FE2 /* libopencv_features2d.2.4.13.dylib in CopyFiles */,
				4578B6BC1E20E9C000829FE2 /* libopencv_flann.2.4.13.dylib in CopyFiles */,
				4578B6BD1E20E9C000829FE2 /* libopencv_gpu.2.4.13.dylib in CopyFiles */,
				4578B6BE1E20E9C000829FE2 /* libopencv_highgui.2.4.13.dylib in CopyFiles */,
				4578B6BF1E20E9C000829FE2 /* libopencv_imgproc.2.4.13.dylib in CopyFiles */,
				4578B6C01E20E9C000829FE2 /* libopencv_legacy.2.4.13.dylib in CopyFiles */,
				4578B6C11E20E9C000829FE2 /* libopencv_ml.2.4.13.dylib in CopyFiles */,
				4578B6C21E20E9C000829FE2 /* libopencv_nonfree.2.4.13.dylib in CopyFiles */,
				4578B6C31E20E9C000829FE2 /* libopencv_objdetect.2.4.13.dylib in CopyFiles */,
				4578B6C41E20E9C000829FE2 /* libopencv_ocl.2.4.13.dylib in CopyFiles */,
				4578B6C51E20E9C000829FE2 /* libopencv_photo.2.4.13.dylib in CopyFiles */,
				4578B6C61E20E9C000829FE2 /* libopencv_stitching.2.4.13.dylib in CopyFiles */,
				4578B6C71E20E9C000829FE2 /* libopencv_superres.2.4.13.dylib in CopyFiles */,
				4578B6C81E20E9C000829FE2 /* libopencv_video.2.4.13.dylib in CopyFiles */,
				4578B6C91E20E9C000829FE2 /* libopencv_videostab.2.4.13.dylib in CopyFiles */,
			);
			runOnlyForDeploymentPostprocessing = 0;
		};
		4578B6B51E20E92900829FE2 /* Copy Files */ = {
			isa = PBXCopyFilesBuildPhase;
			buildActionMask = 2147483647;
			dstPath = "";
			dstSubfolderSpec = 7;
			files = (
				4578B6B61E20E94500829FE2 /* 6.jpg in Copy Files */,
				4578B6B71E20E94500829FE2 /* config.json in Copy Files */,
			);
			name = "Copy Files";
			runOnlyForDeploymentPostprocessing = 0;
		};
		4578B6CA1E20E9CB00829FE2 /* CopyFiles */ = {
			isa = PBXCopyFilesBuildPhase;
			buildActionMask = 2147483647;
			dstPath = "";
			dstSubfolderSpec = 7;
			files = (
				4578B6CB1E20E9D100829FE2 /* config.json in CopyFiles */,
			);
			runOnlyForDeploymentPostprocessing = 0;
		};
		4578B6DF1E20EA1800829FE2 /* CopyFiles */ = {
			isa = PBXCopyFilesBuildPhase;
			buildActionMask = 2147483647;
			dstPath = "";
			dstSubfolderSpec = 7;
			files = (
				4578B6E01E20EA2100829FE2 /* 6.jpg in CopyFiles */,
				4578B6E11E20EA2100829FE2 /* config.json in CopyFiles */,
			);
			runOnlyForDeploymentPostprocessing = 0;
		};
/* End PBXCopyFilesBuildPhase section */

/* Begin PBXFileReference section */
		4500901B1E1BA56000637B5C /* MyFirstOpenCV */ = {isa = PBXFileReference; explicitFileType = "compiled.mach-o.executable"; includeInIndex = 0; path = MyFirstOpenCV; sourceTree = BUILT_PRODUCTS_DIR; };
		452C168A1E1D43B800127459 /* surf.cpp */ = {isa = PBXFileReference; fileEncoding = 4; lastKnownFileType = sourcecode.cpp.cpp; path = surf.cpp; sourceTree = "<group>"; };
		452C168C1E1D493F00127459 /* color.cpp */ = {isa = PBXFileReference; fileEncoding = 4; lastKnownFileType = sourcecode.cpp.cpp; path = color.cpp; sourceTree = "<group>"; };
		452C16901E1D662A00127459 /* shape.cpp */ = {isa = PBXFileReference; fileEncoding = 4; lastKnownFileType = sourcecode.cpp.cpp; path = shape.cpp; sourceTree = "<group>"; };
		454025441E1CE99E0067F244 /* hist.cpp */ = {isa = PBXFileReference; fileEncoding = 4; lastKnownFileType = sourcecode.cpp.cpp; path = hist.cpp; sourceTree = "<group>"; };
		454025461E1CEC940067F244 /* ColorHistogram.h */ = {isa = PBXFileReference; lastKnownFileType = sourcecode.c.h; path = ColorHistogram.h; sourceTree = "<group>"; };
		454025471E1CEDF50067F244 /* ColorHistogram.cpp */ = {isa = PBXFileReference; fileEncoding = 4; lastKnownFileType = sourcecode.cpp.cpp; path = ColorHistogram.cpp; sourceTree = "<group>"; };
		4558B8931E1F80DA00A50C7A /* gif.cpp */ = {isa = PBXFileReference; fileEncoding = 4; lastKnownFileType = sourcecode.cpp.cpp; path = gif.cpp; sourceTree = "<group>"; };
		4558B8C61E1FDC3600A50C7A /* config.cpp */ = {isa = PBXFileReference; fileEncoding = 4; lastKnownFileType = sourcecode.cpp.cpp; path = config.cpp; sourceTree = "<group>"; };
		4558B8C81E1FDD7100A50C7A /* config.h */ = {isa = PBXFileReference; lastKnownFileType = sourcecode.c.h; path = config.h; sourceTree = "<group>"; };
		4558B8CB1E1FEDF600A50C7A /* json.hpp */ = {isa = PBXFileReference; fileEncoding = 4; lastKnownFileType = sourcecode.cpp.h; path = json.hpp; sourceTree = "<group>"; };
		4558B8CC1E1FEE2A00A50C7A /* main.cpp */ = {isa = PBXFileReference; fileEncoding = 4; lastKnownFileType = sourcecode.cpp.cpp; path = main.cpp; sourceTree = "<group>"; };
		4558B8CE1E20027700A50C7A /* calcArea.cpp */ = {isa = PBXFileReference; fileEncoding = 4; lastKnownFileType = sourcecode.cpp.cpp; path = calcArea.cpp; sourceTree = "<group>"; };
		4558B8D61E200BB900A50C7A /* Recognize */ = {isa = PBXFileReference; explicitFileType = "compiled.mach-o.executable"; includeInIndex = 0; path = Recognize; sourceTree = BUILT_PRODUCTS_DIR; };
		4558B8D81E200BB900A50C7A /* main.cpp */ = {isa = PBXFileReference; lastKnownFileType = sourcecode.cpp.cpp; path = main.cpp; sourceTree = "<group>"; };
		4558B8E11E200D9500A50C7A /* Config */ = {isa = PBXFileReference; explicitFileType = "compiled.mach-o.executable"; includeInIndex = 0; path = Config; sourceTree = BUILT_PRODUCTS_DIR; };
		4558B8E31E200D9500A50C7A /* main.cpp */ = {isa = PBXFileReference; lastKnownFileType = sourcecode.cpp.cpp; path = main.cpp; sourceTree = "<group>"; };
		4558B96C1E2018C300A50C7A /* threshold.cpp */ = {isa = PBXFileReference; fileEncoding = 4; lastKnownFileType = sourcecode.cpp.cpp; path = threshold.cpp; sourceTree = "<group>"; };
		4578B6B11E20E6A500829FE2 /* config.json */ = {isa = PBXFileReference; lastKnownFileType = text.json; path = config.json; sourceTree = "<group>"; };
		4578B6B31E20E6C000829FE2 /* 6.jpg */ = {isa = PBXFileReference; lastKnownFileType = image.jpeg; path = 6.jpg; sourceTree = "<group>"; };
		45949BA11E20DA84006097B8 /* libopencv_calib3d.2.4.13.dylib */ = {isa = PBXFileReference; lastKnownFileType = "compiled.mach-o.dylib"; name = libopencv_calib3d.2.4.13.dylib; path = lib/libopencv_calib3d.2.4.13.dylib; sourceTree = "<group>"; };
		45949BA21E20DA84006097B8 /* libopencv_contrib.2.4.13.dylib */ = {isa = PBXFileReference; lastKnownFileType = "compiled.mach-o.dylib"; name = libopencv_contrib.2.4.13.dylib; path = lib/libopencv_contrib.2.4.13.dylib; sourceTree = "<group>"; };
		45949BA31E20DA84006097B8 /* libopencv_core.2.4.13.dylib */ = {isa = PBXFileReference; lastKnownFileType = "compiled.mach-o.dylib"; name = libopencv_core.2.4.13.dylib; path = lib/libopencv_core.2.4.13.dylib; sourceTree = "<group>"; };
		45949BA41E20DA84006097B8 /* libopencv_features2d.2.4.13.dylib */ = {isa = PBXFileReference; lastKnownFileType = "compiled.mach-o.dylib"; name = libopencv_features2d.2.4.13.dylib; path = lib/libopencv_features2d.2.4.13.dylib; sourceTree = "<group>"; };
		45949BA51E20DA84006097B8 /* libopencv_flann.2.4.13.dylib */ = {isa = PBXFileReference; lastKnownFileType = "compiled.mach-o.dylib"; name = libopencv_flann.2.4.13.dylib; path = lib/libopencv_flann.2.4.13.dylib; sourceTree = "<group>"; };
		45949BA61E20DA84006097B8 /* libopencv_gpu.2.4.13.dylib */ = {isa = PBXFileReference; lastKnownFileType = "compiled.mach-o.dylib"; name = libopencv_gpu.2.4.13.dylib; path = lib/libopencv_gpu.2.4.13.dylib; sourceTree = "<group>"; };
		45949BA71E20DA84006097B8 /* libopencv_highgui.2.4.13.dylib */ = {isa = PBXFileReference; lastKnownFileType = "compiled.mach-o.dylib"; name = libopencv_highgui.2.4.13.dylib; path = lib/libopencv_highgui.2.4.13.dylib; sourceTree = "<group>"; };
		45949BA81E20DA84006097B8 /* libopencv_imgproc.2.4.13.dylib */ = {isa = PBXFileReference; lastKnownFileType = "compiled.mach-o.dylib"; name = libopencv_imgproc.2.4.13.dylib; path = lib/libopencv_imgproc.2.4.13.dylib; sourceTree = "<group>"; };
		45949BA91E20DA84006097B8 /* libopencv_legacy.2.4.13.dylib */ = {isa = PBXFileReference; lastKnownFileType = "compiled.mach-o.dylib"; name = libopencv_legacy.2.4.13.dylib; path = lib/libopencv_legacy.2.4.13.dylib; sourceTree = "<group>"; };
		45949BAA1E20DA84006097B8 /* libopencv_ml.2.4.13.dylib */ = {isa = PBXFileReference; lastKnownFileType = "compiled.mach-o.dylib"; name = libopencv_ml.2.4.13.dylib; path = lib/libopencv_ml.2.4.13.dylib; sourceTree = "<group>"; };
		45949BAB1E20DA84006097B8 /* libopencv_nonfree.2.4.13.dylib */ = {isa = PBXFileReference; lastKnownFileType = "compiled.mach-o.dylib"; name = libopencv_nonfree.2.4.13.dylib; path = lib/libopencv_nonfree.2.4.13.dylib; sourceTree = "<group>"; };
		45949BAC1E20DA84006097B8 /* libopencv_objdetect.2.4.13.dylib */ = {isa = PBXFileReference; lastKnownFileType = "compiled.mach-o.dylib"; name = libopencv_objdetect.2.4.13.dylib; path = lib/libopencv_objdetect.2.4.13.dylib; sourceTree = "<group>"; };
		45949BAD1E20DA84006097B8 /* libopencv_ocl.2.4.13.dylib */ = {isa = PBXFileReference; lastKnownFileType = "compiled.mach-o.dylib"; name = libopencv_ocl.2.4.13.dylib; path = lib/libopencv_ocl.2.4.13.dylib; sourceTree = "<group>"; };
		45949BAE1E20DA84006097B8 /* libopencv_photo.2.4.13.dylib */ = {isa = PBXFileReference; lastKnownFileType = "compiled.mach-o.dylib"; name = libopencv_photo.2.4.13.dylib; path = lib/libopencv_photo.2.4.13.dylib; sourceTree = "<group>"; };
		45949BAF1E20DA84006097B8 /* libopencv_stitching.2.4.13.dylib */ = {isa = PBXFileReference; lastKnownFileType = "compiled.mach-o.dylib"; name = libopencv_stitching.2.4.13.dylib; path = lib/libopencv_stitching.2.4.13.dylib; sourceTree = "<group>"; };
		45949BB01E20DA84006097B8 /* libopencv_superres.2.4.13.dylib */ = {isa = PBXFileReference; lastKnownFileType = "compiled.mach-o.dylib"; name = libopencv_superres.2.4.13.dylib; path = lib/libopencv_superres.2.4.13.dylib; sourceTree = "<group>"; };
		45949BB11E20DA84006097B8 /* libopencv_video.2.4.13.dylib */ = {isa = PBXFileReference; lastKnownFileType = "compiled.mach-o.dylib"; name = libopencv_video.2.4.13.dylib; path = lib/libopencv_video.2.4.13.dylib; sourceTree = "<group>"; };
		45949BB21E20DA84006097B8 /* libopencv_videostab.2.4.13.dylib */ = {isa = PBXFileReference; lastKnownFileType = "compiled.mach-o.dylib"; name = libopencv_videostab.2.4.13.dylib; path = lib/libopencv_videostab.2.4.13.dylib; sourceTree = "<group>"; };
		459B99C81E1D2E5E005C4444 /* play.cpp */ = {isa = PBXFileReference; fileEncoding = 4; lastKnownFileType = sourcecode.cpp.cpp; path = play.cpp; sourceTree = "<group>"; };
/* End PBXFileReference section */

/* Begin PBXFrameworksBuildPhase section */
		450090181E1BA56000637B5C /* Frameworks */ = {
			isa = PBXFrameworksBuildPhase;
			buildActionMask = 2147483647;
			files = (
				45949BB91E20DA84006097B8 /* libopencv_contrib.2.4.13.dylib in Frameworks */,
				45949BD41E20DA84006097B8 /* libopencv_nonfree.2.4.13.dylib in Frameworks */,
				45949BC81E20DA84006097B8 /* libopencv_highgui.2.4.13.dylib in Frameworks */,
				45949BDD1E20DA84006097B8 /* libopencv_photo.2.4.13.dylib in Frameworks */,
				45949BE91E20DA84006097B8 /* libopencv_videostab.2.4.13.dylib in Frameworks */,
				45949BC21E20DA84006097B8 /* libopencv_flann.2.4.13.dylib in Frameworks */,
				45949BBF1E20DA84006097B8 /* libopencv_features2d.2.4.13.dylib in Frameworks */,
				45949BB61E20DA84006097B8 /* libopencv_calib3d.2.4.13.dylib in Frameworks */,
				45949BE01E20DA84006097B8 /* libopencv_stitching.2.4.13.dylib in Frameworks */,
				45949BD71E20DA84006097B8 /* libopencv_objdetect.2.4.13.dylib in Frameworks */,
				45949BE61E20DA84006097B8 /* libopencv_video.2.4.13.dylib in Frameworks */,
				45949BD11E20DA84006097B8 /* libopencv_ml.2.4.13.dylib in Frameworks */,
				45949BBC1E20DA84006097B8 /* libopencv_core.2.4.13.dylib in Frameworks */,
				45949BCE1E20DA84006097B8 /* libopencv_legacy.2.4.13.dylib in Frameworks */,
				45949BDA1E20DA84006097B8 /* libopencv_ocl.2.4.13.dylib in Frameworks */,
				45949BE31E20DA84006097B8 /* libopencv_superres.2.4.13.dylib in Frameworks */,
				45949BCB1E20DA84006097B8 /* libopencv_imgproc.2.4.13.dylib in Frameworks */,
				45949BC51E20DA84006097B8 /* libopencv_gpu.2.4.13.dylib in Frameworks */,
			);
			runOnlyForDeploymentPostprocessing = 0;
		};
		4558B8D31E200BB900A50C7A /* Frameworks */ = {
			isa = PBXFrameworksBuildPhase;
			buildActionMask = 2147483647;
			files = (
				45949BBA1E20DA84006097B8 /* libopencv_contrib.2.4.13.dylib in Frameworks */,
				45949BD51E20DA84006097B8 /* libopencv_nonfree.2.4.13.dylib in Frameworks */,
				45949BC91E20DA84006097B8 /* libopencv_highgui.2.4.13.dylib in Frameworks */,
				45949BDE1E20DA84006097B8 /* libopencv_photo.2.4.13.dylib in Frameworks */,
				45949BEA1E20DA84006097B8 /* libopencv_videostab.2.4.13.dylib in Frameworks */,
				45949BC31E20DA84006097B8 /* libopencv_flann.2.4.13.dylib in Frameworks */,
				45949BC01E20DA84006097B8 /* libopencv_features2d.2.4.13.dylib in Frameworks */,
				45949BB71E20DA84006097B8 /* libopencv_calib3d.2.4.13.dylib in Frameworks */,
				45949BE11E20DA84006097B8 /* libopencv_stitching.2.4.13.dylib in Frameworks */,
				45949BD81E20DA84006097B8 /* libopencv_objdetect.2.4.13.dylib in Frameworks */,
				45949BE71E20DA84006097B8 /* libopencv_video.2.4.13.dylib in Frameworks */,
				45949BD21E20DA84006097B8 /* libopencv_ml.2.4.13.dylib in Frameworks */,
				45949BBD1E20DA84006097B8 /* libopencv_core.2.4.13.dylib in Frameworks */,
				45949BCF1E20DA84006097B8 /* libopencv_legacy.2.4.13.dylib in Frameworks */,
				45949BDB1E20DA84006097B8 /* libopencv_ocl.2.4.13.dylib in Frameworks */,
				45949BE41E20DA84006097B8 /* libopencv_superres.2.4.13.dylib in Frameworks */,
				45949BCC1E20DA84006097B8 /* libopencv_imgproc.2.4.13.dylib in Frameworks */,
				45949BC61E20DA84006097B8 /* libopencv_gpu.2.4.13.dylib in Frameworks */,
			);
			runOnlyForDeploymentPostprocessing = 0;
		};
		4558B8DE1E200D9500A50C7A /* Frameworks */ = {
			isa = PBXFrameworksBuildPhase;
			buildActionMask = 2147483647;
			files = (
				45949BBB1E20DA84006097B8 /* libopencv_contrib.2.4.13.dylib in Frameworks */,
				45949BD61E20DA84006097B8 /* libopencv_nonfree.2.4.13.dylib in Frameworks */,
				45949BCA1E20DA84006097B8 /* libopencv_highgui.2.4.13.dylib in Frameworks */,
				45949BDF1E20DA84006097B8 /* libopencv_photo.2.4.13.dylib in Frameworks */,
				45949BEB1E20DA84006097B8 /* libopencv_videostab.2.4.13.dylib in Frameworks */,
				45949BC41E20DA84006097B8 /* libopencv_flann.2.4.13.dylib in Frameworks */,
				45949BC11E20DA84006097B8 /* libopencv_features2d.2.4.13.dylib in Frameworks */,
				45949BB81E20DA84006097B8 /* libopencv_calib3d.2.4.13.dylib in Frameworks */,
				45949BE21E20DA84006097B8 /* libopencv_stitching.2.4.13.dylib in Frameworks */,
				45949BD91E20DA84006097B8 /* libopencv_objdetect.2.4.13.dylib in Frameworks */,
				45949BE81E20DA84006097B8 /* libopencv_video.2.4.13.dylib in Frameworks */,
				45949BD31E20DA84006097B8 /* libopencv_ml.2.4.13.dylib in Frameworks */,
				45949BBE1E20DA84006097B8 /* libopencv_core.2.4.13.dylib in Frameworks */,
				45949BD01E20DA84006097B8 /* libopencv_legacy.2.4.13.dylib in Frameworks */,
				45949BDC1E20DA84006097B8 /* libopencv_ocl.2.4.13.dylib in Frameworks */,
				45949BE51E20DA84006097B8 /* libopencv_superres.2.4.13.dylib in Frameworks */,
				45949BCD1E20DA84006097B8 /* libopencv_imgproc.2.4.13.dylib in Frameworks */,
				45949BC71E20DA84006097B8 /* libopencv_gpu.2.4.13.dylib in Frameworks */,
			);
			runOnlyForDeploymentPostprocessing = 0;
		};
/* End PBXFrameworksBuildPhase section */

/* Begin PBXGroup section */
		450090121E1BA55F00637B5C = {
			isa = PBXGroup;
			children = (
				4578B6DE1E20E9FC00829FE2 /* Resources */,
				4558B96B1E2017E700A50C7A /* Commons */,
				454025311E1CD5B40067F244 /* MyFirstOpenCV */,
				4558B8D71E200BB900A50C7A /* Recognize */,
				4558B8E21E200D9500A50C7A /* Config */,
				4500901C1E1BA56000637B5C /* Products */,
				4558B9131E2011C200A50C7A /* Frameworks */,
			);
			sourceTree = "<group>";
		};
		4500901C1E1BA56000637B5C /* Products */ = {
			isa = PBXGroup;
			children = (
				4500901B1E1BA56000637B5C /* MyFirstOpenCV */,
				4558B8D61E200BB900A50C7A /* Recognize */,
				4558B8E11E200D9500A50C7A /* Config */,
			);
			name = Products;
			sourceTree = "<group>";
		};
		454025311E1CD5B40067F244 /* MyFirstOpenCV */ = {
			isa = PBXGroup;
			children = (
				454025441E1CE99E0067F244 /* hist.cpp */,
				454025471E1CEDF50067F244 /* ColorHistogram.cpp */,
				459B99C81E1D2E5E005C4444 /* play.cpp */,
				452C168A1E1D43B800127459 /* surf.cpp */,
				452C168C1E1D493F00127459 /* color.cpp */,
				452C16901E1D662A00127459 /* shape.cpp */,
				4558B8931E1F80DA00A50C7A /* gif.cpp */,
				4558B8C61E1FDC3600A50C7A /* config.cpp */,
				4558B8CC1E1FEE2A00A50C7A /* main.cpp */,
			);
			name = MyFirstOpenCV;
			path = myfirstopencv;
			sourceTree = "<group>";
		};
		4558B8D71E200BB900A50C7A /* Recognize */ = {
			isa = PBXGroup;
			children = (
				4558B8D81E200BB900A50C7A /* main.cpp */,
				4558B96C1E2018C300A50C7A /* threshold.cpp */,
			);
			name = Recognize;
			path = recognize;
			sourceTree = "<group>";
		};
		4558B8E21E200D9500A50C7A /* Config */ = {
			isa = PBXGroup;
			children = (
				4558B8E31E200D9500A50C7A /* main.cpp */,
			);
			name = Config;
			path = config;
			sourceTree = "<group>";
		};
		4558B9131E2011C200A50C7A /* Frameworks */ = {
			isa = PBXGroup;
			children = (
				45949BA11E20DA84006097B8 /* libopencv_calib3d.2.4.13.dylib */,
				45949BA21E20DA84006097B8 /* libopencv_contrib.2.4.13.dylib */,
				45949BA31E20DA84006097B8 /* libopencv_core.2.4.13.dylib */,
				45949BA41E20DA84006097B8 /* libopencv_features2d.2.4.13.dylib */,
				45949BA51E20DA84006097B8 /* libopencv_flann.2.4.13.dylib */,
				45949BA61E20DA84006097B8 /* libopencv_gpu.2.4.13.dylib */,
				45949BA71E20DA84006097B8 /* libopencv_highgui.2.4.13.dylib */,
				45949BA81E20DA84006097B8 /* libopencv_imgproc.2.4.13.dylib */,
				45949BA91E20DA84006097B8 /* libopencv_legacy.2.4.13.dylib */,
				45949BAA1E20DA84006097B8 /* libopencv_ml.2.4.13.dylib */,
				45949BAB1E20DA84006097B8 /* libopencv_nonfree.2.4.13.dylib */,
				45949BAC1E20DA84006097B8 /* libopencv_objdetect.2.4.13.dylib */,
				45949BAD1E20DA84006097B8 /* libopencv_ocl.2.4.13.dylib */,
				45949BAE1E20DA84006097B8 /* libopencv_photo.2.4.13.dylib */,
				45949BAF1E20DA84006097B8 /* libopencv_stitching.2.4.13.dylib */,
				45949BB01E20DA84006097B8 /* libopencv_superres.2.4.13.dylib */,
				45949BB11E20DA84006097B8 /* libopencv_video.2.4.13.dylib */,
				45949BB21E20DA84006097B8 /* libopencv_videostab.2.4.13.dylib */,
			);
			name = Frameworks;
			sourceTree = "<group>";
		};
		4558B96B1E2017E700A50C7A /* Commons */ = {
			isa = PBXGroup;
			children = (
				4558B8CE1E20027700A50C7A /* calcArea.cpp */,
				454025461E1CEC940067F244 /* ColorHistogram.h */,
				4558B8CB1E1FEDF600A50C7A /* json.hpp */,
				4558B8C81E1FDD7100A50C7A /* config.h */,
			);
			name = Commons;
			path = commons;
			sourceTree = "<group>";
		};
		4578B6DE1E20E9FC00829FE2 /* Resources */ = {
			isa = PBXGroup;
			children = (
				4578B6B31E20E6C000829FE2 /* 6.jpg */,
				4578B6B11E20E6A500829FE2 /* config.json */,
			);
			name = Resources;
			path = resources;
			sourceTree = "<group>";
		};
/* End PBXGroup section */

/* Begin PBXNativeTarget section */
		4500901A1E1BA56000637B5C /* MyFirstOpenCV */ = {
			isa = PBXNativeTarget;
			buildConfigurationList = 450090221E1BA56000637B5C /* Build configuration list for PBXNativeTarget "MyFirstOpenCV" */;
			buildPhases = (
				450090171E1BA56000637B5C /* Sources */,
				450090181E1BA56000637B5C /* Frameworks */,
				450090191E1BA56000637B5C /* CopyFiles */,
				4578B6DF1E20EA1800829FE2 /* CopyFiles */,
			);
			buildRules = (
			);
			dependencies = (
			);
			name = MyFirstOpenCV;
			productName = MyFirstOpenCV;
			productReference = 4500901B1E1BA56000637B5C /* MyFirstOpenCV */;
			productType = "com.apple.product-type.tool";
		};
		4558B8D51E200BB900A50C7A /* Recognize */ = {
			isa = PBXNativeTarget;
			buildConfigurationList = 4558B8DA1E200BB900A50C7A /* Build configuration list for PBXNativeTarget "Recognize" */;
			buildPhases = (
				4558B8D21E200BB900A50C7A /* Sources */,
				4558B8D31E200BB900A50C7A /* Frameworks */,
				4558B8D41E200BB900A50C7A /* CopyFiles */,
				4578B6B51E20E92900829FE2 /* Copy Files */,
			);
			buildRules = (
			);
			dependencies = (
			);
			name = Recognize;
			productName = recognize;
			productReference = 4558B8D61E200BB900A50C7A /* Recognize */;
			productType = "com.apple.product-type.tool";
		};
		4558B8E01E200D9500A50C7A /* Config */ = {
			isa = PBXNativeTarget;
			buildConfigurationList = 4558B8E51E200D9500A50C7A /* Build configuration list for PBXNativeTarget "Config" */;
			buildPhases = (
				4558B8DD1E200D9500A50C7A /* Sources */,
				4558B8DE1E200D9500A50C7A /* Frameworks */,
				4558B8DF1E200D9500A50C7A /* CopyFiles */,
				4578B6CA1E20E9CB00829FE2 /* CopyFiles */,
			);
			buildRules = (
			);
			dependencies = (
			);
			name = Config;
			productName = config;
			productReference = 4558B8E11E200D9500A50C7A /* Config */;
			productType = "com.apple.product-type.tool";
		};
/* End PBXNativeTarget section */

/* Begin PBXProject section */
		450090131E1BA55F00637B5C /* Project object */ = {
			isa = PBXProject;
			attributes = {
				LastUpgradeCheck = 0810;
				ORGANIZATIONNAME = nankai;
				TargetAttributes = {
					4500901A1E1BA56000637B5C = {
						CreatedOnToolsVersion = 8.1;
						ProvisioningStyle = Automatic;
					};
					4558B8D51E200BB900A50C7A = {
						CreatedOnToolsVersion = 8.1;
						ProvisioningStyle = Automatic;
					};
					4558B8E01E200D9500A50C7A = {
						CreatedOnToolsVersion = 8.1;
						ProvisioningStyle = Automatic;
					};
				};
			};
			buildConfigurationList = 450090161E1BA55F00637B5C /* Build configuration list for PBXProject "MyFirstOpenCV" */;
			compatibilityVersion = "Xcode 3.2";
			developmentRegion = English;
			hasScannedForEncodings = 0;
			knownRegions = (
				en,
			);
			mainGroup = 450090121E1BA55F00637B5C;
			productRefGroup = 4500901C1E1BA56000637B5C /* Products */;
			projectDirPath = "";
			projectRoot = "";
			targets = (
				4500901A1E1BA56000637B5C /* MyFirstOpenCV */,
				4558B8D51E200BB900A50C7A /* Recognize */,
				4558B8E01E200D9500A50C7A /* Config */,
			);
		};
/* End PBXProject section */

/* Begin PBXSourcesBuildPhase section */
		450090171E1BA56000637B5C /* Sources */ = {
			isa = PBXSourcesBuildPhase;
			buildActionMask = 2147483647;
			files = (
				4558B9621E2013D700A50C7A /* color.cpp in Sources */,
				4558B95F1E2013CF00A50C7A /* ColorHistogram.cpp in Sources */,
				4558B9671E2013E800A50C7A /* main.cpp in Sources */,
				4558B95E1E2013C100A50C7A /* hist.cpp in Sources */,
				4558B9601E2013D200A50C7A /* surf.cpp in Sources */,
				4558B9641E2013DC00A50C7A /* shape.cpp in Sources */,
				4558B9611E2013D400A50C7A /* play.cpp in Sources */,
				4558B9661E2013E200A50C7A /* config.cpp in Sources */,
			);
			runOnlyForDeploymentPostprocessing = 0;
		};
		4558B8D21E200BB900A50C7A /* Sources */ = {
			isa = PBXSourcesBuildPhase;
			buildActionMask = 2147483647;
			files = (
				4558B8D91E200BB900A50C7A /* main.cpp in Sources */,
				4558B96D1E2018C300A50C7A /* threshold.cpp in Sources */,
				4558B96A1E20177100A50C7A /* calcArea.cpp in Sources */,
			);
			runOnlyForDeploymentPostprocessing = 0;
		};
		4558B8DD1E200D9500A50C7A /* Sources */ = {
			isa = PBXSourcesBuildPhase;
			buildActionMask = 2147483647;
			files = (
				4558B8E91E200EF400A50C7A /* calcArea.cpp in Sources */,
				4558B8E41E200D9500A50C7A /* main.cpp in Sources */,
			);
			runOnlyForDeploymentPostprocessing = 0;
		};
/* End PBXSourcesBuildPhase section */

/* Begin XCBuildConfiguration section */
		450090201E1BA56000637B5C /* Debug */ = {
			isa = XCBuildConfiguration;
			buildSettings = {
				ALWAYS_SEARCH_USER_PATHS = NO;
				CLANG_ANALYZER_NONNULL = YES;
				CLANG_CXX_LANGUAGE_STANDARD = "c++0x";
				CLANG_CXX_LIBRARY = "libc++";
				CLANG_ENABLE_MODULES = YES;
				CLANG_ENABLE_OBJC_ARC = YES;
				CLANG_WARN_BOOL_CONVERSION = YES;
				CLANG_WARN_CONSTANT_CONVERSION = YES;
				CLANG_WARN_DIRECT_OBJC_ISA_USAGE = YES_ERROR;
				CLANG_WARN_DOCUMENTATION_COMMENTS = YES;
				CLANG_WARN_EMPTY_BODY = YES;
				CLANG_WARN_ENUM_CONVERSION = YES;
				CLANG_WARN_INFINITE_RECURSION = YES;
				CLANG_WARN_INT_CONVERSION = YES;
				CLANG_WARN_OBJC_ROOT_CLASS = YES_ERROR;
				CLANG_WARN_SUSPICIOUS_MOVES = YES;
				CLANG_WARN_UNREACHABLE_CODE = YES;
				CLANG_WARN__DUPLICATE_METHOD_MATCH = YES;
				CODE_SIGN_IDENTITY = "-";
				COPY_PHASE_STRIP = NO;
				DEBUG_INFORMATION_FORMAT = dwarf;
				ENABLE_STRICT_OBJC_MSGSEND = YES;
				ENABLE_TESTABILITY = YES;
				GCC_C_LANGUAGE_STANDARD = gnu99;
				GCC_DYNAMIC_NO_PIC = NO;
				GCC_NO_COMMON_BLOCKS = YES;
				GCC_OPTIMIZATION_LEVEL = 0;
				GCC_PREPROCESSOR_DEFINITIONS = (
					"DEBUG=1",
					"$(inherited)",
				);
				GCC_WARN_64_TO_32_BIT_CONVERSION = YES;
				GCC_WARN_ABOUT_RETURN_TYPE = YES_ERROR;
				GCC_WARN_UNDECLARED_SELECTOR = YES;
				GCC_WARN_UNINITIALIZED_AUTOS = YES_AGGRESSIVE;
				GCC_WARN_UNUSED_FUNCTION = YES;
				GCC_WARN_UNUSED_VARIABLE = YES;
				MACOSX_DEPLOYMENT_TARGET = 10.12;
				MTL_ENABLE_DEBUG_INFO = YES;
				ONLY_ACTIVE_ARCH = YES;
				SDKROOT = macosx;
			};
			name = Debug;
		};
		450090211E1BA56000637B5C /* Release */ = {
			isa = XCBuildConfiguration;
			buildSettings = {
				ALWAYS_SEARCH_USER_PATHS = NO;
				CLANG_ANALYZER_NONNULL = YES;
				CLANG_CXX_LANGUAGE_STANDARD = "c++0x";
				CLANG_CXX_LIBRARY = "libc++";
				CLANG_ENABLE_MODULES = YES;
				CLANG_ENABLE_OBJC_ARC = YES;
				CLANG_WARN_BOOL_CONVERSION = YES;
				CLANG_WARN_CONSTANT_CONVERSION = YES;
				CLANG_WARN_DIRECT_OBJC_ISA_USAGE = YES_ERROR;
				CLANG_WARN_DOCUMENTATION_COMMENTS = YES;
				CLANG_WARN_EMPTY_BODY = YES;
				CLANG_WARN_ENUM_CONVERSION = YES;
				CLANG_WARN_INFINITE_RECURSION = YES;
				CLANG_WARN_INT_CONVERSION = YES;
				CLANG_WARN_OBJC_ROOT_CLASS = YES_ERROR;
				CLANG_WARN_SUSPICIOUS_MOVES = YES;
				CLANG_WARN_UNREACHABLE_CODE = YES;
				CLANG_WARN__DUPLICATE_METHOD_MATCH = YES;
				CODE_SIGN_IDENTITY = "-";
				COPY_PHASE_STRIP = NO;
				DEBUG_INFORMATION_FORMAT = "dwarf-with-dsym";
				ENABLE_NS_ASSERTIONS = NO;
				ENABLE_STRICT_OBJC_MSGSEND = YES;
				GCC_C_LANGUAGE_STANDARD = gnu99;
				GCC_NO_COMMON_BLOCKS = YES;
				GCC_WARN_64_TO_32_BIT_CONVERSION = YES;
				GCC_WARN_ABOUT_RETURN_TYPE = YES_ERROR;
				GCC_WARN_UNDECLARED_SELECTOR = YES;
				GCC_WARN_UNINITIALIZED_AUTOS = YES_AGGRESSIVE;
				GCC_WARN_UNUSED_FUNCTION = YES;
				GCC_WARN_UNUSED_VARIABLE = YES;
				MACOSX_DEPLOYMENT_TARGET = 10.12;
				MTL_ENABLE_DEBUG_INFO = NO;
				SDKROOT = macosx;
			};
			name = Release;
		};
		450090231E1BA56000637B5C /* Debug */ = {
			isa = XCBuildConfiguration;
			buildSettings = {
				CLANG_CXX_LANGUAGE_STANDARD = "c++0x";
				FRAMEWORK_SEARCH_PATHS = (
					"$(PROJECT_DIR)",
					"$(inherited)",
				);
				GCC_VERSION = "";
				HEADER_SEARCH_PATHS = (
					/usr/local/include,
					/usr/local/include/opencv,
				);
				LIBRARY_SEARCH_PATHS = "$(PROJECT_DIR)/lib";
				PRODUCT_NAME = "$(TARGET_NAME)";
				USER_HEADER_SEARCH_PATHS = "";
			};
			name = Debug;
		};
		450090241E1BA56000637B5C /* Release */ = {
			isa = XCBuildConfiguration;
			buildSettings = {
				CLANG_CXX_LANGUAGE_STANDARD = "c++0x";
				FRAMEWORK_SEARCH_PATHS = (
					"$(PROJECT_DIR)",
					"$(inherited)",
				);
				GCC_VERSION = "";
				HEADER_SEARCH_PATHS = (
					/usr/local/include,
					/usr/local/include/opencv,
				);
				LIBRARY_SEARCH_PATHS = "$(PROJECT_DIR)/lib";
				PRODUCT_NAME = "$(TARGET_NAME)";
				USER_HEADER_SEARCH_PATHS = "";
			};
			name = Release;
		};
		4558B8DB1E200BB900A50C7A /* Debug */ = {
			isa = XCBuildConfiguration;
			buildSettings = {
				CLANG_CXX_LANGUAGE_STANDARD = "c++0x";
				FRAMEWORK_SEARCH_PATHS = (
					"$(PROJECT_DIR)",
					"$(inherited)",
				);
				HEADER_SEARCH_PATHS = (
					/usr/local/include,
					/usr/local/include/opencv,
				);
				LD_RUNPATH_SEARCH_PATHS = "";
				LIBRARY_SEARCH_PATHS = "$(PROJECT_DIR)/lib";
				PRODUCT_NAME = "$(TARGET_NAME)";
			};
			name = Debug;
		};
		4558B8DC1E200BB900A50C7A /* Release */ = {
			isa = XCBuildConfiguration;
			buildSettings = {
				CLANG_CXX_LANGUAGE_STANDARD = "c++0x";
				FRAMEWORK_SEARCH_PATHS = (
					"$(PROJECT_DIR)",
					"$(inherited)",
				);
				HEADER_SEARCH_PATHS = (
					/usr/local/include,
					/usr/local/include/opencv,
				);
				LD_RUNPATH_SEARCH_PATHS = "";
				LIBRARY_SEARCH_PATHS = "$(PROJECT_DIR)/lib";
				PRODUCT_NAME = "$(TARGET_NAME)";
			};
			name = Release;
		};
		4558B8E61E200D9500A50C7A /* Debug */ = {
			isa = XCBuildConfiguration;
			buildSettings = {
				CLANG_CXX_LANGUAGE_STANDARD = "c++0x";
				FRAMEWORK_SEARCH_PATHS = (
					"$(PROJECT_DIR)",
					"$(inherited)",
				);
				HEADER_SEARCH_PATHS = (
					/usr/local/include,
					/usr/local/include/opencv,
				);
				LIBRARY_SEARCH_PATHS = (
					"$(PROJECT_DIR)/lib",
					/usr/local/lib/ni2,
				);
				PRODUCT_NAME = "$(TARGET_NAME)";
			};
			name = Debug;
		};
		4558B8E71E200D9500A50C7A /* Release */ = {
			isa = XCBuildConfiguration;
			buildSettings = {
				CLANG_CXX_LANGUAGE_STANDARD = "c++0x";
				FRAMEWORK_SEARCH_PATHS = (
					"$(PROJECT_DIR)",
					"$(inherited)",
				);
				HEADER_SEARCH_PATHS = (
					/usr/local/include,
					/usr/local/include/opencv,
				);
				LIBRARY_SEARCH_PATHS = (
					"$(PROJECT_DIR)/lib",
					/usr/local/lib/ni2,
				);
				PRODUCT_NAME = "$(TARGET_NAME)";
			};
			name = Release;
		};
/* End XCBuildConfiguration section */

/* Begin XCConfigurationList section */
		450090161E1BA55F00637B5C /* Build configuration list for PBXProject "MyFirstOpenCV" */ = {
			isa = XCConfigurationList;
			buildConfigurations = (
				450090201E1BA56000637B5C /* Debug */,
				450090211E1BA56000637B5C /* Release */,
			);
			defaultConfigurationIsVisible = 0;
			defaultConfigurationName = Debug;
		};
		450090221E1BA56000637B5C /* Build configuration list for PBXNativeTarget "MyFirstOpenCV" */ = {
			isa = XCConfigurationList;
			buildConfigurations = (
				450090231E1BA56000637B5C /* Debug */,
				450090241E1BA56000637B5C /* Release */,
			);
			defaultConfigurationIsVisible = 0;
			defaultConfigurationName = Debug;
		};
		4558B8DA1E200BB900A50C7A /* Build configuration list for PBXNativeTarget "Recognize" */ = {
			isa = XCConfigurationList;
			buildConfigurations = (
				4558B8DB1E200BB900A50C7A /* Debug */,
				4558B8DC1E200BB900A50C7A /* Release */,
			);
			defaultConfigurationIsVisible = 0;
			defaultConfigurationName = Debug;
		};
		4558B8E51E200D9500A50C7A /* Build configuration list for PBXNativeTarget "Config" */ = {
			isa = XCConfigurationList;
			buildConfigurations = (
				4558B8E61E200D9500A50C7A /* Debug */,
				4558B8E71E200D9500A50C7A /* Release */,
			);
			defaultConfigurationIsVisible = 0;
			defaultConfigurationName = Debug;
		};
/* End XCConfigurationList section */
	};
	rootObject = 450090131E1BA55F00637B5C /* Project object */;
}
